
Microsoft Visual Studio Solution File, Format Version 12.00
# Visual Studio Version 17
VisualStudioVersion = 17.11.35222.181
MinimumVisualStudioVersion = 10.0.40219.1
Project("{FAE04EC0-301F-11D3-BF4B-00C04F79EFBC}") = "ReadifyWeb", "ReadifyWeb\ReadifyWeb.csproj", "{BD497EFB-8C3A-448C-83F8-4D597C04C6B8}"
EndProject
Global
	GlobalSection(SolutionConfigurationPlatforms) = preSolution
		Debug|Any CPU = Debug|Any CPU
		Release|Any CPU = Release|Any CPU
	EndGlobalSection
	GlobalSection(ProjectConfigurationPlatforms) = postSolution
		{BD497EFB-8C3A-448C-83F8-4D597C04C6B8}.Debug|Any CPU.ActiveCfg = Debug|Any CPU
		{BD497EFB-8C3A-448C-83F8-4D597C04C6B8}.Debug|Any CPU.Build.0 = Debug|Any CPU
		{BD497EFB-8C3A-448C-83F8-4D597C04C6B8}.Release|Any CPU.ActiveCfg = Release|Any CPU
		{BD497EFB-8C3A-448C-83F8-4D597C04C6B8}.Release|Any CPU.Build.0 = Release|Any CPU
	EndGlobalSection
	GlobalSection(SolutionProperties) = preSolution
		HideSolutionNode = FALSE
	EndGlobalSection
	GlobalSection(ExtensibilityGlobals) = postSolution
		SolutionGuid = {2618F183-710B-498C-944D-C5E768B92772}
	EndGlobalSection
EndGlobal
